
Microsoft Visual Studio Solution File, Format Version 12.00
# Visual Studio Version 16
VisualStudioVersion = 16.0.32901.82
MinimumVisualStudioVersion = 10.0.40219.1
Project("{FAE04EC0-301F-11D3-BF4B-00C04F79EFBC}") = "Naterial", "Naterial\Naterial.csproj", "{910FF36C-8A38-4630-9A66-97FF01A80815}"
EndProject
Project("{FAE04EC0-301F-11D3-BF4B-00C04F79EFBC}") = "Naterial.Demo", "Naterial.Demo\Naterial.Demo.csproj", "{F0BCA693-327A-4615-8D62-342BA8028A86}"
EndProject
Global
	GlobalSection(SolutionConfigurationPlatforms) = preSolution
		Debug|Any CPU = Debug|Any CPU
		Release|Any CPU = Release|Any CPU
	EndGlobalSection
	GlobalSection(ProjectConfigurationPlatforms) = postSolution
		{910FF36C-8A38-4630-9A66-97FF01A80815}.Debug|Any CPU.ActiveCfg = Debug|Any CPU
		{910FF36C-8A38-4630-9A66-97FF01A80815}.Debug|Any CPU.Build.0 = Debug|Any CPU
		{910FF36C-8A38-4630-9A66-97FF01A80815}.Release|Any CPU.ActiveCfg = Release|Any CPU
		{910FF36C-8A38-4630-9A66-97FF01A80815}.Release|Any CPU.Build.0 = Release|Any CPU
		{F0BCA693-327A-4615-8D62-342BA8028A86}.Debug|Any CPU.ActiveCfg = Debug|Any CPU
		{F0BCA693-327A-4615-8D62-342BA8028A86}.Debug|Any CPU.Build.0 = Debug|Any CPU
		{F0BCA693-327A-4615-8D62-342BA8028A86}.Release|Any CPU.ActiveCfg = Release|Any CPU
		{F0BCA693-327A-4615-8D62-342BA8028A86}.Release|Any CPU.Build.0 = Release|Any CPU
	EndGlobalSection
	GlobalSection(SolutionProperties) = preSolution
		HideSolutionNode = FALSE
	EndGlobalSection
	GlobalSection(ExtensibilityGlobals) = postSolution
		SolutionGuid = {D819D38D-6058-4A31-816B-4F09F2E98A7E}
	EndGlobalSection
EndGlobal
